
Microsoft Visual Studio Solution File, Format Version 12.00
# Visual Studio Version 17
VisualStudioVersion = 17.5.33516.290
MinimumVisualStudioVersion = 10.0.40219.1
Project("{FAE04EC0-301F-11D3-BF4B-00C04F79EFBC}") = "cs26_delegate", "cs26_delegate\cs26_delegate.csproj", "{5D4DD468-3226-40A9-9C9E-47306BF4FF17}"
EndProject
Project("{FAE04EC0-301F-11D3-BF4B-00C04F79EFBC}") = "cs27_delegatechain", "cs27_delegatechain\cs27_delegatechain.csproj", "{9CB83077-024C-433E-89B5-89B8697643BE}"
EndProject
Project("{FAE04EC0-301F-11D3-BF4B-00C04F79EFBC}") = "cs28_event", "cs28_event\cs28_event.csproj", "{D33F0DED-725E-4EB9-B4CD-07A9080AF611}"
EndProject
Global
	GlobalSection(SolutionConfigurationPlatforms) = preSolution
		Debug|Any CPU = Debug|Any CPU
		Release|Any CPU = Release|Any CPU
	EndGlobalSection
	GlobalSection(ProjectConfigurationPlatforms) = postSolution
		{5D4DD468-3226-40A9-9C9E-47306BF4FF17}.Debug|Any CPU.ActiveCfg = Debug|Any CPU
		{5D4DD468-3226-40A9-9C9E-47306BF4FF17}.Debug|Any CPU.Build.0 = Debug|Any CPU
		{5D4DD468-3226-40A9-9C9E-47306BF4FF17}.Release|Any CPU.ActiveCfg = Release|Any CPU
		{5D4DD468-3226-40A9-9C9E-47306BF4FF17}.Release|Any CPU.Build.0 = Release|Any CPU
		{9CB83077-024C-433E-89B5-89B8697643BE}.Debug|Any CPU.ActiveCfg = Debug|Any CPU
		{9CB83077-024C-433E-89B5-89B8697643BE}.Debug|Any CPU.Build.0 = Debug|Any CPU
		{9CB83077-024C-433E-89B5-89B8697643BE}.Release|Any CPU.ActiveCfg = Release|Any CPU
		{9CB83077-024C-433E-89B5-89B8697643BE}.Release|Any CPU.Build.0 = Release|Any CPU
		{D33F0DED-725E-4EB9-B4CD-07A9080AF611}.Debug|Any CPU.ActiveCfg = Debug|Any CPU
		{D33F0DED-725E-4EB9-B4CD-07A9080AF611}.Debug|Any CPU.Build.0 = Debug|Any CPU
		{D33F0DED-725E-4EB9-B4CD-07A9080AF611}.Release|Any CPU.ActiveCfg = Release|Any CPU
		{D33F0DED-725E-4EB9-B4CD-07A9080AF611}.Release|Any CPU.Build.0 = Release|Any CPU
	EndGlobalSection
	GlobalSection(SolutionProperties) = preSolution
		HideSolutionNode = FALSE
	EndGlobalSection
	GlobalSection(ExtensibilityGlobals) = postSolution
		SolutionGuid = {DE01DD03-50A8-46E9-B90E-48E208D674EC}
	EndGlobalSection
EndGlobal
