
Microsoft Visual Studio Solution File, Format Version 12.00
# Visual Studio Version 17
VisualStudioVersion = 17.5.33516.290
MinimumVisualStudioVersion = 10.0.40219.1
Project("{FAE04EC0-301F-11D3-BF4B-00C04F79EFBC}") = "cs10_operator", "cs10_operator\cs10_operator.csproj", "{38D81669-AD44-4CEC-B871-87A34241ACFD}"
EndProject
Project("{FAE04EC0-301F-11D3-BF4B-00C04F79EFBC}") = "cs11_logicondition", "cs11_logicondition\cs11_logicondition.csproj", "{6B38DF98-8662-45B0-BF3B-B51779B25CBF}"
EndProject
Project("{FAE04EC0-301F-11D3-BF4B-00C04F79EFBC}") = "cs12_methods", "cs12_methods\cs12_methods.csproj", "{C66E72B0-3268-4662-AE38-2BE5DD5B3F9D}"
EndProject
Global
	GlobalSection(SolutionConfigurationPlatforms) = preSolution
		Debug|Any CPU = Debug|Any CPU
		Release|Any CPU = Release|Any CPU
	EndGlobalSection
	GlobalSection(ProjectConfigurationPlatforms) = postSolution
		{38D81669-AD44-4CEC-B871-87A34241ACFD}.Debug|Any CPU.ActiveCfg = Debug|Any CPU
		{38D81669-AD44-4CEC-B871-87A34241ACFD}.Debug|Any CPU.Build.0 = Debug|Any CPU
		{38D81669-AD44-4CEC-B871-87A34241ACFD}.Release|Any CPU.ActiveCfg = Release|Any CPU
		{38D81669-AD44-4CEC-B871-87A34241ACFD}.Release|Any CPU.Build.0 = Release|Any CPU
		{6B38DF98-8662-45B0-BF3B-B51779B25CBF}.Debug|Any CPU.ActiveCfg = Debug|Any CPU
		{6B38DF98-8662-45B0-BF3B-B51779B25CBF}.Debug|Any CPU.Build.0 = Debug|Any CPU
		{6B38DF98-8662-45B0-BF3B-B51779B25CBF}.Release|Any CPU.ActiveCfg = Release|Any CPU
		{6B38DF98-8662-45B0-BF3B-B51779B25CBF}.Release|Any CPU.Build.0 = Release|Any CPU
		{C66E72B0-3268-4662-AE38-2BE5DD5B3F9D}.Debug|Any CPU.ActiveCfg = Debug|Any CPU
		{C66E72B0-3268-4662-AE38-2BE5DD5B3F9D}.Debug|Any CPU.Build.0 = Debug|Any CPU
		{C66E72B0-3268-4662-AE38-2BE5DD5B3F9D}.Release|Any CPU.ActiveCfg = Release|Any CPU
		{C66E72B0-3268-4662-AE38-2BE5DD5B3F9D}.Release|Any CPU.Build.0 = Release|Any CPU
	EndGlobalSection
	GlobalSection(SolutionProperties) = preSolution
		HideSolutionNode = FALSE
	EndGlobalSection
	GlobalSection(ExtensibilityGlobals) = postSolution
		SolutionGuid = {6C52F428-49CF-4324-9A5F-42ADD69DDFC0}
	EndGlobalSection
EndGlobal
