
Microsoft Visual Studio Solution File, Format Version 12.00
# Visual Studio Version 17
VisualStudioVersion = 17.5.33516.290
MinimumVisualStudioVersion = 10.0.40219.1
Project("{FAE04EC0-301F-11D3-BF4B-00C04F79EFBC}") = "wf04_filecopy", "wf04_filecopy\wf04_filecopy.csproj", "{CD981042-E93C-4E08-B0A4-59D4359E874D}"
EndProject
Project("{FAE04EC0-301F-11D3-BF4B-00C04F79EFBC}") = "wf05_login", "wf05_login\wf05_login.csproj", "{5D336940-0FDD-4D58-8C3C-AB7A76387B26}"
EndProject
Global
	GlobalSection(SolutionConfigurationPlatforms) = preSolution
		Debug|Any CPU = Debug|Any CPU
		Release|Any CPU = Release|Any CPU
	EndGlobalSection
	GlobalSection(ProjectConfigurationPlatforms) = postSolution
		{CD981042-E93C-4E08-B0A4-59D4359E874D}.Debug|Any CPU.ActiveCfg = Debug|Any CPU
		{CD981042-E93C-4E08-B0A4-59D4359E874D}.Debug|Any CPU.Build.0 = Debug|Any CPU
		{CD981042-E93C-4E08-B0A4-59D4359E874D}.Release|Any CPU.ActiveCfg = Release|Any CPU
		{CD981042-E93C-4E08-B0A4-59D4359E874D}.Release|Any CPU.Build.0 = Release|Any CPU
		{5D336940-0FDD-4D58-8C3C-AB7A76387B26}.Debug|Any CPU.ActiveCfg = Debug|Any CPU
		{5D336940-0FDD-4D58-8C3C-AB7A76387B26}.Debug|Any CPU.Build.0 = Debug|Any CPU
		{5D336940-0FDD-4D58-8C3C-AB7A76387B26}.Release|Any CPU.ActiveCfg = Release|Any CPU
		{5D336940-0FDD-4D58-8C3C-AB7A76387B26}.Release|Any CPU.Build.0 = Release|Any CPU
	EndGlobalSection
	GlobalSection(SolutionProperties) = preSolution
		HideSolutionNode = FALSE
	EndGlobalSection
	GlobalSection(ExtensibilityGlobals) = postSolution
		SolutionGuid = {90F9390B-3DD1-449B-AD47-E22F101F9B7E}
	EndGlobalSection
EndGlobal
